
Microsoft Visual Studio Solution File, Format Version 12.00
Project("{FAE04EC0-301F-11D3-BF4B-00C04F79EFBC}") = "Tutorial6", "Tutorial6\Tutorial6.csproj", "{BBD3B85A-A1E0-49D1-ACBF-D7A9DF3BAEF7}"
EndProject
Global
	GlobalSection(SolutionConfigurationPlatforms) = preSolution
		Debug|Any CPU = Debug|Any CPU
		Release|Any CPU = Release|Any CPU
	EndGlobalSection
	GlobalSection(ProjectConfigurationPlatforms) = postSolution
		{BBD3B85A-A1E0-49D1-ACBF-D7A9DF3BAEF7}.Debug|Any CPU.ActiveCfg = Debug|Any CPU
		{BBD3B85A-A1E0-49D1-ACBF-D7A9DF3BAEF7}.Debug|Any CPU.Build.0 = Debug|Any CPU
		{BBD3B85A-A1E0-49D1-ACBF-D7A9DF3BAEF7}.Release|Any CPU.ActiveCfg = Release|Any CPU
		{BBD3B85A-A1E0-49D1-ACBF-D7A9DF3BAEF7}.Release|Any CPU.Build.0 = Release|Any CPU
	EndGlobalSection
EndGlobal
